
Microsoft Visual Studio Solution File, Format Version 12.00
# Visual Studio Version 16
VisualStudioVersion = 16.0.31729.503
MinimumVisualStudioVersion = 10.0.40219.1
Project("{FAE04EC0-301F-11D3-BF4B-00C04F79EFBC}") = "Contozoo", "Contozoo.csproj", "{1F49FBF2-6454-4B3E-BC25-399F4A72DF78}"
EndProject
Global
	GlobalSection(SolutionConfigurationPlatforms) = preSolution
		Debug|Any CPU = Debug|Any CPU
		Release|Any CPU = Release|Any CPU
	EndGlobalSection
	GlobalSection(ProjectConfigurationPlatforms) = postSolution
		{1F49FBF2-6454-4B3E-BC25-399F4A72DF78}.Debug|Any CPU.ActiveCfg = Debug|Any CPU
		{1F49FBF2-6454-4B3E-BC25-399F4A72DF78}.Debug|Any CPU.Build.0 = Debug|Any CPU
		{1F49FBF2-6454-4B3E-BC25-399F4A72DF78}.Release|Any CPU.ActiveCfg = Release|Any CPU
		{1F49FBF2-6454-4B3E-BC25-399F4A72DF78}.Release|Any CPU.Build.0 = Release|Any CPU
	EndGlobalSection
	GlobalSection(SolutionProperties) = preSolution
		HideSolutionNode = FALSE
	EndGlobalSection
	GlobalSection(ExtensibilityGlobals) = postSolution
		SolutionGuid = {D64FCF53-EE5E-4A8A-AEDF-20A8624047B0}
	EndGlobalSection
EndGlobal
